
Microsoft Visual Studio Solution File, Format Version 12.00
# Visual Studio 14
VisualStudioVersion = 14.0.23107.0
MinimumVisualStudioVersion = 10.0.40219.1
Project("{FAE04EC0-301F-11D3-BF4B-00C04F79EFBC}") = "TeduShop.Common", "TeduShop.Common\TeduShop.Common.csproj", "{6BC684F9-514B-40EE-843C-F70FDA8EE23A}"
EndProject
Project("{FAE04EC0-301F-11D3-BF4B-00C04F79EFBC}") = "TeduShop.Model", "TeduShop.Model\TeduShop.Model.csproj", "{7EC3AB3F-BC4B-43D5-855A-4BF54F4EF9B6}"
EndProject
Project("{FAE04EC0-301F-11D3-BF4B-00C04F79EFBC}") = "TeduShop.Data", "TeduShop.Data\TeduShop.Data.csproj", "{70A957A3-D3DE-4B94-B7D4-7328F8A1DA9A}"
EndProject
Project("{FAE04EC0-301F-11D3-BF4B-00C04F79EFBC}") = "TeduShop.Service", "TeduShop.Service\TeduShop.Service.csproj", "{C660C66A-9060-4C64-979B-796129DA8F44}"
EndProject
Project("{FAE04EC0-301F-11D3-BF4B-00C04F79EFBC}") = "TeduShop.UnitTest", "TeduShop.UnitTest\TeduShop.UnitTest.csproj", "{E33C222A-447F-455C-B1B4-4BBA374CC897}"
EndProject
Project("{FAE04EC0-301F-11D3-BF4B-00C04F79EFBC}") = "TeduShop.Web", "TeduShop.Web\TeduShop.Web.csproj", "{35167B73-DA8A-45C9-9B02-13B153CD95FC}"
EndProject
Global
	GlobalSection(SolutionConfigurationPlatforms) = preSolution
		Debug|Any CPU = Debug|Any CPU
		Release|Any CPU = Release|Any CPU
	EndGlobalSection
	GlobalSection(ProjectConfigurationPlatforms) = postSolution
		{6BC684F9-514B-40EE-843C-F70FDA8EE23A}.Debug|Any CPU.ActiveCfg = Debug|Any CPU
		{6BC684F9-514B-40EE-843C-F70FDA8EE23A}.Debug|Any CPU.Build.0 = Debug|Any CPU
		{6BC684F9-514B-40EE-843C-F70FDA8EE23A}.Release|Any CPU.ActiveCfg = Release|Any CPU
		{6BC684F9-514B-40EE-843C-F70FDA8EE23A}.Release|Any CPU.Build.0 = Release|Any CPU
		{7EC3AB3F-BC4B-43D5-855A-4BF54F4EF9B6}.Debug|Any CPU.ActiveCfg = Debug|Any CPU
		{7EC3AB3F-BC4B-43D5-855A-4BF54F4EF9B6}.Debug|Any CPU.Build.0 = Debug|Any CPU
		{7EC3AB3F-BC4B-43D5-855A-4BF54F4EF9B6}.Release|Any CPU.ActiveCfg = Release|Any CPU
		{7EC3AB3F-BC4B-43D5-855A-4BF54F4EF9B6}.Release|Any CPU.Build.0 = Release|Any CPU
		{70A957A3-D3DE-4B94-B7D4-7328F8A1DA9A}.Debug|Any CPU.ActiveCfg = Debug|Any CPU
		{70A957A3-D3DE-4B94-B7D4-7328F8A1DA9A}.Debug|Any CPU.Build.0 = Debug|Any CPU
		{70A957A3-D3DE-4B94-B7D4-7328F8A1DA9A}.Release|Any CPU.ActiveCfg = Release|Any CPU
		{70A957A3-D3DE-4B94-B7D4-7328F8A1DA9A}.Release|Any CPU.Build.0 = Release|Any CPU
		{C660C66A-9060-4C64-979B-796129DA8F44}.Debug|Any CPU.ActiveCfg = Debug|Any CPU
		{C660C66A-9060-4C64-979B-796129DA8F44}.Debug|Any CPU.Build.0 = Debug|Any CPU
		{C660C66A-9060-4C64-979B-796129DA8F44}.Release|Any CPU.ActiveCfg = Release|Any CPU
		{C660C66A-9060-4C64-979B-796129DA8F44}.Release|Any CPU.Build.0 = Release|Any CPU
		{E33C222A-447F-455C-B1B4-4BBA374CC897}.Debug|Any CPU.ActiveCfg = Debug|Any CPU
		{E33C222A-447F-455C-B1B4-4BBA374CC897}.Debug|Any CPU.Build.0 = Debug|Any CPU
		{E33C222A-447F-455C-B1B4-4BBA374CC897}.Release|Any CPU.ActiveCfg = Release|Any CPU
		{E33C222A-447F-455C-B1B4-4BBA374CC897}.Release|Any CPU.Build.0 = Release|Any CPU
		{35167B73-DA8A-45C9-9B02-13B153CD95FC}.Debug|Any CPU.ActiveCfg = Debug|Any CPU
		{35167B73-DA8A-45C9-9B02-13B153CD95FC}.Debug|Any CPU.Build.0 = Debug|Any CPU
		{35167B73-DA8A-45C9-9B02-13B153CD95FC}.Release|Any CPU.ActiveCfg = Release|Any CPU
		{35167B73-DA8A-45C9-9B02-13B153CD95FC}.Release|Any CPU.Build.0 = Release|Any CPU
	EndGlobalSection
	GlobalSection(SolutionProperties) = preSolution
		HideSolutionNode = FALSE
	EndGlobalSection
EndGlobal
